
Microsoft Visual Studio Solution File, Format Version 12.00
# Visual Studio Version 17
VisualStudioVersion = 17.5.33424.131
MinimumVisualStudioVersion = 10.0.40219.1
Project("{2150E333-8FDC-42A3-9474-1A3956D46DE8}") = "FrontEnd", "FrontEnd", "{C500F6E2-9CCE-41B7-B8EB-CA9FF4847BF7}"
EndProject
Project("{FAE04EC0-301F-11D3-BF4B-00C04F79EFBC}") = "Mongo.Web", "Mongo.Web\Mongo.Web.csproj", "{B17FA758-DC54-47F8-8569-1899D7DAC618}"
EndProject
Project("{2150E333-8FDC-42A3-9474-1A3956D46DE8}") = "Services", "Services", "{EAE3FB13-A6F4-44AB-AC68-623652E8D091}"
EndProject
Project("{FAE04EC0-301F-11D3-BF4B-00C04F79EFBC}") = "Mongo.Services.ProductAPI", "Mongo.Services.ProductAPI\Mongo.Services.ProductAPI.csproj", "{99DF8AF5-DD51-4971-BDF7-C2797B909AD5}"
EndProject
Project("{FAE04EC0-301F-11D3-BF4B-00C04F79EFBC}") = "Mongo.Services.Identity", "Mongo.Services.Identity\Mongo.Services.Identity.csproj", "{3183312F-376B-4564-906A-FAD040C71B3C}"
EndProject
Global
	GlobalSection(SolutionConfigurationPlatforms) = preSolution
		Debug|Any CPU = Debug|Any CPU
		Release|Any CPU = Release|Any CPU
	EndGlobalSection
	GlobalSection(ProjectConfigurationPlatforms) = postSolution
		{B17FA758-DC54-47F8-8569-1899D7DAC618}.Debug|Any CPU.ActiveCfg = Debug|Any CPU
		{B17FA758-DC54-47F8-8569-1899D7DAC618}.Debug|Any CPU.Build.0 = Debug|Any CPU
		{B17FA758-DC54-47F8-8569-1899D7DAC618}.Release|Any CPU.ActiveCfg = Release|Any CPU
		{B17FA758-DC54-47F8-8569-1899D7DAC618}.Release|Any CPU.Build.0 = Release|Any CPU
		{99DF8AF5-DD51-4971-BDF7-C2797B909AD5}.Debug|Any CPU.ActiveCfg = Debug|Any CPU
		{99DF8AF5-DD51-4971-BDF7-C2797B909AD5}.Debug|Any CPU.Build.0 = Debug|Any CPU
		{99DF8AF5-DD51-4971-BDF7-C2797B909AD5}.Release|Any CPU.ActiveCfg = Release|Any CPU
		{99DF8AF5-DD51-4971-BDF7-C2797B909AD5}.Release|Any CPU.Build.0 = Release|Any CPU
		{3183312F-376B-4564-906A-FAD040C71B3C}.Debug|Any CPU.ActiveCfg = Debug|Any CPU
		{3183312F-376B-4564-906A-FAD040C71B3C}.Debug|Any CPU.Build.0 = Debug|Any CPU
		{3183312F-376B-4564-906A-FAD040C71B3C}.Release|Any CPU.ActiveCfg = Release|Any CPU
		{3183312F-376B-4564-906A-FAD040C71B3C}.Release|Any CPU.Build.0 = Release|Any CPU
	EndGlobalSection
	GlobalSection(SolutionProperties) = preSolution
		HideSolutionNode = FALSE
	EndGlobalSection
	GlobalSection(NestedProjects) = preSolution
		{B17FA758-DC54-47F8-8569-1899D7DAC618} = {C500F6E2-9CCE-41B7-B8EB-CA9FF4847BF7}
		{99DF8AF5-DD51-4971-BDF7-C2797B909AD5} = {EAE3FB13-A6F4-44AB-AC68-623652E8D091}
		{3183312F-376B-4564-906A-FAD040C71B3C} = {EAE3FB13-A6F4-44AB-AC68-623652E8D091}
	EndGlobalSection
	GlobalSection(ExtensibilityGlobals) = postSolution
		SolutionGuid = {99D03D64-8FBE-4BAD-9AF9-A00FCA18C47B}
	EndGlobalSection
EndGlobal
